
Microsoft Visual Studio Solution File, Format Version 12.00
# Visual Studio Version 17
VisualStudioVersion = 17.7.34031.279
MinimumVisualStudioVersion = 10.0.40219.1
Project("{8BC9CEB8-8B4A-11D0-8D11-00A0C91BC942}") = "РР", "РР.vcxproj", "{696FB0A0-AF94-42D4-8B75-15A3BAE8C0EB}"
EndProject
Global
	GlobalSection(SolutionConfigurationPlatforms) = preSolution
		Debug|x64 = Debug|x64
		Debug|x86 = Debug|x86
		Release|x64 = Release|x64
		Release|x86 = Release|x86
	EndGlobalSection
	GlobalSection(ProjectConfigurationPlatforms) = postSolution
		{696FB0A0-AF94-42D4-8B75-15A3BAE8C0EB}.Debug|x64.ActiveCfg = Debug|x64
		{696FB0A0-AF94-42D4-8B75-15A3BAE8C0EB}.Debug|x64.Build.0 = Debug|x64
		{696FB0A0-AF94-42D4-8B75-15A3BAE8C0EB}.Debug|x86.ActiveCfg = Debug|Win32
		{696FB0A0-AF94-42D4-8B75-15A3BAE8C0EB}.Debug|x86.Build.0 = Debug|Win32
		{696FB0A0-AF94-42D4-8B75-15A3BAE8C0EB}.Release|x64.ActiveCfg = Release|x64
		{696FB0A0-AF94-42D4-8B75-15A3BAE8C0EB}.Release|x64.Build.0 = Release|x64
		{696FB0A0-AF94-42D4-8B75-15A3BAE8C0EB}.Release|x86.ActiveCfg = Release|Win32
		{696FB0A0-AF94-42D4-8B75-15A3BAE8C0EB}.Release|x86.Build.0 = Release|Win32
	EndGlobalSection
	GlobalSection(SolutionProperties) = preSolution
		HideSolutionNode = FALSE
	EndGlobalSection
	GlobalSection(ExtensibilityGlobals) = postSolution
		SolutionGuid = {E4429E94-420D-4FB1-A52A-E4CFD75CE0B1}
	EndGlobalSection
EndGlobal
